// !$*UTF8*$!
{
	archiveVersion = 1;
	classes = {
	};
	objectVersion = 56;
	objects = {

/* Begin PBXBuildFile section */
		D6A65A552A2BEFD900328439 /* AppDelegate.swift in Sources */ = {isa = PBXBuildFile; fileRef = D6A65A542A2BEFD900328439 /* AppDelegate.swift */; };
		D6A65A572A2BEFD900328439 /* SceneDelegate.swift in Sources */ = {isa = PBXBuildFile; fileRef = D6A65A562A2BEFD900328439 /* SceneDelegate.swift */; };
		D6A65A592A2BEFD900328439 /* ViewController.swift in Sources */ = {isa = PBXBuildFile; fileRef = D6A65A582A2BEFD900328439 /* ViewController.swift */; };
		D6A65A5C2A2BEFD900328439 /* Main.storyboard in Resources */ = {isa = PBXBuildFile; fileRef = D6A65A5A2A2BEFD900328439 /* Main.storyboard */; };
		D6A65A5E2A2BEFDB00328439 /* Assets.xcassets in Resources */ = {isa = PBXBuildFile; fileRef = D6A65A5D2A2BEFDB00328439 /* Assets.xcassets */; };
		D6A65A612A2BEFDB00328439 /* LaunchScreen.storyboard in Resources */ = {isa = PBXBuildFile; fileRef = D6A65A5F2A2BEFDB00328439 /* LaunchScreen.storyboard */; };
		D6A65A6C2A2BEFDB00328439 /* FetchMenuTests.swift in Sources */ = {isa = PBXBuildFile; fileRef = D6A65A6B2A2BEFDB00328439 /* FetchMenuTests.swift */; };
		D6A65A762A2BEFDB00328439 /* FetchMenuUITests.swift in Sources */ = {isa = PBXBuildFile; fileRef = D6A65A752A2BEFDB00328439 /* FetchMenuUITests.swift */; };
		D6A65A782A2BEFDB00328439 /* FetchMenuUITestsLaunchTests.swift in Sources */ = {isa = PBXBuildFile; fileRef = D6A65A772A2BEFDB00328439 /* FetchMenuUITestsLaunchTests.swift */; };
		D6A65A872A2C50DD00328439 /* JsonStruct.swift in Sources */ = {isa = PBXBuildFile; fileRef = D6A65A862A2C50DD00328439 /* JsonStruct.swift */; };
		D6A65A892A2D2AB600328439 /* ImageExtension.swift in Sources */ = {isa = PBXBuildFile; fileRef = D6A65A882A2D2AB600328439 /* ImageExtension.swift */; };
		D6A65A8B2A2D462E00328439 /* JsonFormatter.swift in Sources */ = {isa = PBXBuildFile; fileRef = D6A65A8A2A2D462E00328439 /* JsonFormatter.swift */; };
		D6A65A8D2A2DA66F00328439 /* CollectionCell.swift in Sources */ = {isa = PBXBuildFile; fileRef = D6A65A8C2A2DA66F00328439 /* CollectionCell.swift */; };
/* End PBXBuildFile section */

/* Begin PBXContainerItemProxy section */
		D6A65A682A2BEFDB00328439 /* PBXContainerItemProxy */ = {
			isa = PBXContainerItemProxy;
			containerPortal = D6A65A492A2BEFD900328439 /* Project object */;
			proxyType = 1;
			remoteGlobalIDString = D6A65A502A2BEFD900328439;
			remoteInfo = FetchMenu;
		};
		D6A65A722A2BEFDB00328439 /* PBXContainerItemProxy */ = {
			isa = PBXContainerItemProxy;
			containerPortal = D6A65A492A2BEFD900328439 /* Project object */;
			proxyType = 1;
			remoteGlobalIDString = D6A65A502A2BEFD900328439;
			remoteInfo = FetchMenu;
		};
/* End PBXContainerItemProxy section */

/* Begin PBXFileReference section */
		D6A65A512A2BEFD900328439 /* FetchMenu.app */ = {isa = PBXFileReference; explicitFileType = wrapper.application; includeInIndex = 0; path = FetchMenu.app; sourceTree = BUILT_PRODUCTS_DIR; };
		D6A65A542A2BEFD900328439 /* AppDelegate.swift */ = {isa = PBXFileReference; lastKnownFileType = sourcecode.swift; path = AppDelegate.swift; sourceTree = "<group>"; };
		D6A65A562A2BEFD900328439 /* SceneDelegate.swift */ = {isa = PBXFileReference; lastKnownFileType = sourcecode.swift; path = SceneDelegate.swift; sourceTree = "<group>"; };
		D6A65A582A2BEFD900328439 /* ViewController.swift */ = {isa = PBXFileReference; lastKnownFileType = sourcecode.swift; path = ViewController.swift; sourceTree = "<group>"; };
		D6A65A5B2A2BEFD900328439 /* Base */ = {isa = PBXFileReference; lastKnownFileType = file.storyboard; name = Base; path = Base.lproj/Main.storyboard; sourceTree = "<group>"; };
		D6A65A5D2A2BEFDB00328439 /* Assets.xcassets */ = {isa = PBXFileReference; lastKnownFileType = folder.assetcatalog; path = Assets.xcassets; sourceTree = "<group>"; };
		D6A65A602A2BEFDB00328439 /* Base */ = {isa = PBXFileReference; lastKnownFileType = file.storyboard; name = Base; path = Base.lproj/LaunchScreen.storyboard; sourceTree = "<group>"; };
		D6A65A622A2BEFDB00328439 /* Info.plist */ = {isa = PBXFileReference; lastKnownFileType = text.plist.xml; path = Info.plist; sourceTree = "<group>"; };
		D6A65A672A2BEFDB00328439 /* FetchMenuTests.xctest */ = {isa = PBXFileReference; explicitFileType = wrapper.cfbundle; includeInIndex = 0; path = FetchMenuTests.xctest; sourceTree = BUILT_PRODUCTS_DIR; };
		D6A65A6B2A2BEFDB00328439 /* FetchMenuTests.swift */ = {isa = PBXFileReference; lastKnownFileType = sourcecode.swift; path = FetchMenuTests.swift; sourceTree = "<group>"; };
		D6A65A712A2BEFDB00328439 /* FetchMenuUITests.xctest */ = {isa = PBXFileReference; explicitFileType = wrapper.cfbundle; includeInIndex = 0; path = FetchMenuUITests.xctest; sourceTree = BUILT_PRODUCTS_DIR; };
		D6A65A752A2BEFDB00328439 /* FetchMenuUITests.swift */ = {isa = PBXFileReference; lastKnownFileType = sourcecode.swift; path = FetchMenuUITests.swift; sourceTree = "<group>"; };
		D6A65A772A2BEFDB00328439 /* FetchMenuUITestsLaunchTests.swift */ = {isa = PBXFileReference; lastKnownFileType = sourcecode.swift; path = FetchMenuUITestsLaunchTests.swift; sourceTree = "<group>"; };
		D6A65A862A2C50DD00328439 /* JsonStruct.swift */ = {isa = PBXFileReference; lastKnownFileType = sourcecode.swift; path = JsonStruct.swift; sourceTree = "<group>"; };
		D6A65A882A2D2AB600328439 /* ImageExtension.swift */ = {isa = PBXFileReference; lastKnownFileType = sourcecode.swift; path = ImageExtension.swift; sourceTree = "<group>"; };
		D6A65A8A2A2D462E00328439 /* JsonFormatter.swift */ = {isa = PBXFileReference; lastKnownFileType = sourcecode.swift; path = JsonFormatter.swift; sourceTree = "<group>"; };
		D6A65A8C2A2DA66F00328439 /* CollectionCell.swift */ = {isa = PBXFileReference; lastKnownFileType = sourcecode.swift; path = CollectionCell.swift; sourceTree = "<group>"; };
/* End PBXFileReference section */

/* Begin PBXFrameworksBuildPhase section */
		D6A65A4E2A2BEFD900328439 /* Frameworks */ = {
			isa = PBXFrameworksBuildPhase;
			buildActionMask = 2147483647;
			files = (
			);
			runOnlyForDeploymentPostprocessing = 0;
		};
		D6A65A642A2BEFDB00328439 /* Frameworks */ = {
			isa = PBXFrameworksBuildPhase;
			buildActionMask = 2147483647;
			files = (
			);
			runOnlyForDeploymentPostprocessing = 0;
		};
		D6A65A6E2A2BEFDB00328439 /* Frameworks */ = {
			isa = PBXFrameworksBuildPhase;
			buildActionMask = 2147483647;
			files = (
			);
			runOnlyForDeploymentPostprocessing = 0;
		};
/* End PBXFrameworksBuildPhase section */

/* Begin PBXGroup section */
		D6A65A482A2BEFD900328439 = {
			isa = PBXGroup;
			children = (
				D6A65A532A2BEFD900328439 /* FetchMenu */,
				D6A65A6A2A2BEFDB00328439 /* FetchMenuTests */,
				D6A65A742A2BEFDB00328439 /* FetchMenuUITests */,
				D6A65A522A2BEFD900328439 /* Products */,
			);
			sourceTree = "<group>";
		};
		D6A65A522A2BEFD900328439 /* Products */ = {
			isa = PBXGroup;
			children = (
				D6A65A512A2BEFD900328439 /* FetchMenu.app */,
				D6A65A672A2BEFDB00328439 /* FetchMenuTests.xctest */,
				D6A65A712A2BEFDB00328439 /* FetchMenuUITests.xctest */,
			);
			name = Products;
			sourceTree = "<group>";
		};
		D6A65A532A2BEFD900328439 /* FetchMenu */ = {
			isa = PBXGroup;
			children = (
				D6A65A542A2BEFD900328439 /* AppDelegate.swift */,
				D6A65A562A2BEFD900328439 /* SceneDelegate.swift */,
				D6A65A582A2BEFD900328439 /* ViewController.swift */,
				D6A65A882A2D2AB600328439 /* ImageExtension.swift */,
				D6A65A8A2A2D462E00328439 /* JsonFormatter.swift */,
				D6A65A8C2A2DA66F00328439 /* CollectionCell.swift */,
				D6A65A862A2C50DD00328439 /* JsonStruct.swift */,
				D6A65A5A2A2BEFD900328439 /* Main.storyboard */,
				D6A65A5D2A2BEFDB00328439 /* Assets.xcassets */,
				D6A65A5F2A2BEFDB00328439 /* LaunchScreen.storyboard */,
				D6A65A622A2BEFDB00328439 /* Info.plist */,
			);
			path = FetchMenu;
			sourceTree = "<group>";
		};
		D6A65A6A2A2BEFDB00328439 /* FetchMenuTests */ = {
			isa = PBXGroup;
			children = (
				D6A65A6B2A2BEFDB00328439 /* FetchMenuTests.swift */,
			);
			path = FetchMenuTests;
			sourceTree = "<group>";
		};
		D6A65A742A2BEFDB00328439 /* FetchMenuUITests */ = {
			isa = PBXGroup;
			children = (
				D6A65A752A2BEFDB00328439 /* FetchMenuUITests.swift */,
				D6A65A772A2BEFDB00328439 /* FetchMenuUITestsLaunchTests.swift */,
			);
			path = FetchMenuUITests;
			sourceTree = "<group>";
		};
/* End PBXGroup section */

/* Begin PBXNativeTarget section */
		D6A65A502A2BEFD900328439 /* FetchMenu */ = {
			isa = PBXNativeTarget;
			buildConfigurationList = D6A65A7B2A2BEFDB00328439 /* Build configuration list for PBXNativeTarget "FetchMenu" */;
			buildPhases = (
				D6A65A4D2A2BEFD900328439 /* Sources */,
				D6A65A4E2A2BEFD900328439 /* Frameworks */,
				D6A65A4F2A2BEFD900328439 /* Resources */,
			);
			buildRules = (
			);
			dependencies = (
			);
			name = FetchMenu;
			productName = FetchMenu;
			productReference = D6A65A512A2BEFD900328439 /* FetchMenu.app */;
			productType = "com.apple.product-type.application";
		};
		D6A65A662A2BEFDB00328439 /* FetchMenuTests */ = {
			isa = PBXNativeTarget;
			buildConfigurationList = D6A65A7E2A2BEFDB00328439 /* Build configuration list for PBXNativeTarget "FetchMenuTests" */;
			buildPhases = (
				D6A65A632A2BEFDB00328439 /* Sources */,
				D6A65A642A2BEFDB00328439 /* Frameworks */,
				D6A65A652A2BEFDB00328439 /* Resources */,
			);
			buildRules = (
			);
			dependencies = (
				D6A65A692A2BEFDB00328439 /* PBXTargetDependency */,
			);
			name = FetchMenuTests;
			productName = FetchMenuTests;
			productReference = D6A65A672A2BEFDB00328439 /* FetchMenuTests.xctest */;
			productType = "com.apple.product-type.bundle.unit-test";
		};
		D6A65A702A2BEFDB00328439 /* FetchMenuUITests */ = {
			isa = PBXNativeTarget;
			buildConfigurationList = D6A65A812A2BEFDB00328439 /* Build configuration list for PBXNativeTarget "FetchMenuUITests" */;
			buildPhases = (
				D6A65A6D2A2BEFDB00328439 /* Sources */,
				D6A65A6E2A2BEFDB00328439 /* Frameworks */,
				D6A65A6F2A2BEFDB00328439 /* Resources */,
			);
			buildRules = (
			);
			dependencies = (
				D6A65A732A2BEFDB00328439 /* PBXTargetDependency */,
			);
			name = FetchMenuUITests;
			productName = FetchMenuUITests;
			productReference = D6A65A712A2BEFDB00328439 /* FetchMenuUITests.xctest */;
			productType = "com.apple.product-type.bundle.ui-testing";
		};
/* End PBXNativeTarget section */

/* Begin PBXProject section */
		D6A65A492A2BEFD900328439 /* Project object */ = {
			isa = PBXProject;
			attributes = {
				BuildIndependentTargetsInParallel = 1;
				LastSwiftUpdateCheck = 1430;
				LastUpgradeCheck = 1430;
				TargetAttributes = {
					D6A65A502A2BEFD900328439 = {
						CreatedOnToolsVersion = 14.3;
					};
					D6A65A662A2BEFDB00328439 = {
						CreatedOnToolsVersion = 14.3;
						TestTargetID = D6A65A502A2BEFD900328439;
					};
					D6A65A702A2BEFDB00328439 = {
						CreatedOnToolsVersion = 14.3;
						TestTargetID = D6A65A502A2BEFD900328439;
					};
				};
			};
			buildConfigurationList = D6A65A4C2A2BEFD900328439 /* Build configuration list for PBXProject "FetchMenu" */;
			compatibilityVersion = "Xcode 14.0";
			developmentRegion = en;
			hasScannedForEncodings = 0;
			knownRegions = (
				en,
				Base,
			);
			mainGroup = D6A65A482A2BEFD900328439;
			productRefGroup = D6A65A522A2BEFD900328439 /* Products */;
			projectDirPath = "";
			projectRoot = "";
			targets = (
				D6A65A502A2BEFD900328439 /* FetchMenu */,
				D6A65A662A2BEFDB00328439 /* FetchMenuTests */,
				D6A65A702A2BEFDB00328439 /* FetchMenuUITests */,
			);
		};
/* End PBXProject section */

/* Begin PBXResourcesBuildPhase section */
		D6A65A4F2A2BEFD900328439 /* Resources */ = {
			isa = PBXResourcesBuildPhase;
			buildActionMask = 2147483647;
			files = (
				D6A65A612A2BEFDB00328439 /* LaunchScreen.storyboard in Resources */,
				D6A65A5E2A2BEFDB00328439 /* Assets.xcassets in Resources */,
				D6A65A5C2A2BEFD900328439 /* Main.storyboard in Resources */,
			);
			runOnlyForDeploymentPostprocessing = 0;
		};
		D6A65A652A2BEFDB00328439 /* Resources */ = {
			isa = PBXResourcesBuildPhase;
			buildActionMask = 2147483647;
			files = (
			);
			runOnlyForDeploymentPostprocessing = 0;
		};
		D6A65A6F2A2BEFDB00328439 /* Resources */ = {
			isa = PBXResourcesBuildPhase;
			buildActionMask = 2147483647;
			files = (
			);
			runOnlyForDeploymentPostprocessing = 0;
		};
/* End PBXResourcesBuildPhase section */

/* Begin PBXSourcesBuildPhase section */
		D6A65A4D2A2BEFD900328439 /* Sources */ = {
			isa = PBXSourcesBuildPhase;
			buildActionMask = 2147483647;
			files = (
				D6A65A592A2BEFD900328439 /* ViewController.swift in Sources */,
				D6A65A552A2BEFD900328439 /* AppDelegate.swift in Sources */,
				D6A65A872A2C50DD00328439 /* JsonStruct.swift in Sources */,
				D6A65A892A2D2AB600328439 /* ImageExtension.swift in Sources */,
				D6A65A8D2A2DA66F00328439 /* CollectionCell.swift in Sources */,
				D6A65A8B2A2D462E00328439 /* JsonFormatter.swift in Sources */,
				D6A65A572A2BEFD900328439 /* SceneDelegate.swift in Sources */,
			);
			runOnlyForDeploymentPostprocessing = 0;
		};
		D6A65A632A2BEFDB00328439 /* Sources */ = {
			isa = PBXSourcesBuildPhase;
			buildActionMask = 2147483647;
			files = (
				D6A65A6C2A2BEFDB00328439 /* FetchMenuTests.swift in Sources */,
			);
			runOnlyForDeploymentPostprocessing = 0;
		};
		D6A65A6D2A2BEFDB00328439 /* Sources */ = {
			isa = PBXSourcesBuildPhase;
			buildActionMask = 2147483647;
			files = (
				D6A65A782A2BEFDB00328439 /* FetchMenuUITestsLaunchTests.swift in Sources */,
				D6A65A762A2BEFDB00328439 /* FetchMenuUITests.swift in Sources */,
			);
			runOnlyForDeploymentPostprocessing = 0;
		};
/* End PBXSourcesBuildPhase section */

/* Begin PBXTargetDependency section */
		D6A65A692A2BEFDB00328439 /* PBXTargetDependency */ = {
			isa = PBXTargetDependency;
			target = D6A65A502A2BEFD900328439 /* FetchMenu */;
			targetProxy = D6A65A682A2BEFDB00328439 /* PBXContainerItemProxy */;
		};
		D6A65A732A2BEFDB00328439 /* PBXTargetDependency */ = {
			isa = PBXTargetDependency;
			target = D6A65A502A2BEFD900328439 /* FetchMenu */;
			targetProxy = D6A65A722A2BEFDB00328439 /* PBXContainerItemProxy */;
		};
/* End PBXTargetDependency section */

/* Begin PBXVariantGroup section */
		D6A65A5A2A2BEFD900328439 /* Main.storyboard */ = {
			isa = PBXVariantGroup;
			children = (
				D6A65A5B2A2BEFD900328439 /* Base */,
			);
			name = Main.storyboard;
			sourceTree = "<group>";
		};
		D6A65A5F2A2BEFDB00328439 /* LaunchScreen.storyboard */ = {
			isa = PBXVariantGroup;
			children = (
				D6A65A602A2BEFDB00328439 /* Base */,
			);
			name = LaunchScreen.storyboard;
			sourceTree = "<group>";
		};
/* End PBXVariantGroup section */

/* Begin XCBuildConfiguration section */
		D6A65A792A2BEFDB00328439 /* Debug */ = {
			isa = XCBuildConfiguration;
			buildSettings = {
				ALWAYS_SEARCH_USER_PATHS = NO;
				CLANG_ANALYZER_NONNULL = YES;
				CLANG_ANALYZER_NUMBER_OBJECT_CONVERSION = YES_AGGRESSIVE;
				CLANG_CXX_LANGUAGE_STANDARD = "gnu++20";
				CLANG_ENABLE_MODULES = YES;
				CLANG_ENABLE_OBJC_ARC = YES;
				CLANG_ENABLE_OBJC_WEAK = YES;
				CLANG_WARN_BLOCK_CAPTURE_AUTORELEASING = YES;
				CLANG_WARN_BOOL_CONVERSION = YES;
				CLANG_WARN_COMMA = YES;
				CLANG_WARN_CONSTANT_CONVERSION = YES;
				CLANG_WARN_DEPRECATED_OBJC_IMPLEMENTATIONS = YES;
				CLANG_WARN_DIRECT_OBJC_ISA_USAGE = YES_ERROR;
				CLANG_WARN_DOCUMENTATION_COMMENTS = YES;
				CLANG_WARN_EMPTY_BODY = YES;
				CLANG_WARN_ENUM_CONVERSION = YES;
				CLANG_WARN_INFINITE_RECURSION = YES;
				CLANG_WARN_INT_CONVERSION = YES;
				CLANG_WARN_NON_LITERAL_NULL_CONVERSION = YES;
				CLANG_WARN_OBJC_IMPLICIT_RETAIN_SELF = YES;
				CLANG_WARN_OBJC_LITERAL_CONVERSION = YES;
				CLANG_WARN_OBJC_ROOT_CLASS = YES_ERROR;
				CLANG_WARN_QUOTED_INCLUDE_IN_FRAMEWORK_HEADER = YES;
				CLANG_WARN_RANGE_LOOP_ANALYSIS = YES;
				CLANG_WARN_STRICT_PROTOTYPES = YES;
				CLANG_WARN_SUSPICIOUS_MOVE = YES;
				CLANG_WARN_UNGUARDED_AVAILABILITY = YES_AGGRESSIVE;
				CLANG_WARN_UNREACHABLE_CODE = YES;
				CLANG_WARN__DUPLICATE_METHOD_MATCH = YES;
				COPY_PHASE_STRIP = NO;
				DEBUG_INFORMATION_FORMAT = dwarf;
				ENABLE_STRICT_OBJC_MSGSEND = YES;
				ENABLE_TESTABILITY = YES;
				GCC_C_LANGUAGE_STANDARD = gnu11;
				GCC_DYNAMIC_NO_PIC = NO;
				GCC_NO_COMMON_BLOCKS = YES;
				GCC_OPTIMIZATION_LEVEL = 0;
				GCC_PREPROCESSOR_DEFINITIONS = (
					"DEBUG=1",
					"$(inherited)",
				);
				GCC_WARN_64_TO_32_BIT_CONVERSION = YES;
				GCC_WARN_ABOUT_RETURN_TYPE = YES_ERROR;
				GCC_WARN_UNDECLARED_SELECTOR = YES;
				GCC_WARN_UNINITIALIZED_AUTOS = YES_AGGRESSIVE;
				GCC_WARN_UNUSED_FUNCTION = YES;
				GCC_WARN_UNUSED_VARIABLE = YES;
				IPHONEOS_DEPLOYMENT_TARGET = 16.4;
				MTL_ENABLE_DEBUG_INFO = INCLUDE_SOURCE;
				MTL_FAST_MATH = YES;
				ONLY_ACTIVE_ARCH = YES;
				SDKROOT = iphoneos;
				SWIFT_ACTIVE_COMPILATION_CONDITIONS = DEBUG;
				SWIFT_OPTIMIZATION_LEVEL = "-Onone";
			};
			name = Debug;
		};
		D6A65A7A2A2BEFDB00328439 /* Release */ = {
			isa = XCBuildConfiguration;
			buildSettings = {
				ALWAYS_SEARCH_USER_PATHS = NO;
				CLANG_ANALYZER_NONNULL = YES;
				CLANG_ANALYZER_NUMBER_OBJECT_CONVERSION = YES_AGGRESSIVE;
				CLANG_CXX_LANGUAGE_STANDARD = "gnu++20";
				CLANG_ENABLE_MODULES = YES;
				CLANG_ENABLE_OBJC_ARC = YES;
				CLANG_ENABLE_OBJC_WEAK = YES;
				CLANG_WARN_BLOCK_CAPTURE_AUTORELEASING = YES;
				CLANG_WARN_BOOL_CONVERSION = YES;
				CLANG_WARN_COMMA = YES;
				CLANG_WARN_CONSTANT_CONVERSION = YES;
				CLANG_WARN_DEPRECATED_OBJC_IMPLEMENTATIONS = YES;
				CLANG_WARN_DIRECT_OBJC_ISA_USAGE = YES_ERROR;
				CLANG_WARN_DOCUMENTATION_COMMENTS = YES;
				CLANG_WARN_EMPTY_BODY = YES;
				CLANG_WARN_ENUM_CONVERSION = YES;
				CLANG_WARN_INFINITE_RECURSION = YES;
				CLANG_WARN_INT_CONVERSION = YES;
				CLANG_WARN_NON_LITERAL_NULL_CONVERSION = YES;
				CLANG_WARN_OBJC_IMPLICIT_RETAIN_SELF = YES;
				CLANG_WARN_OBJC_LITERAL_CONVERSION = YES;
				CLANG_WARN_OBJC_ROOT_CLASS = YES_ERROR;
				CLANG_WARN_QUOTED_INCLUDE_IN_FRAMEWORK_HEADER = YES;
				CLANG_WARN_RANGE_LOOP_ANALYSIS = YES;
				CLANG_WARN_STRICT_PROTOTYPES = YES;
				CLANG_WARN_SUSPICIOUS_MOVE = YES;
				CLANG_WARN_UNGUARDED_AVAILABILITY = YES_AGGRESSIVE;
				CLANG_WARN_UNREACHABLE_CODE = YES;
				CLANG_WARN__DUPLICATE_METHOD_MATCH = YES;
				COPY_PHASE_STRIP = NO;
				DEBUG_INFORMATION_FORMAT = "dwarf-with-dsym";
				ENABLE_NS_ASSERTIONS = NO;
				ENABLE_STRICT_OBJC_MSGSEND = YES;
				GCC_C_LANGUAGE_STANDARD = gnu11;
				GCC_NO_COMMON_BLOCKS = YES;
				GCC_WARN_64_TO_32_BIT_CONVERSION = YES;
				GCC_WARN_ABOUT_RETURN_TYPE = YES_ERROR;
				GCC_WARN_UNDECLARED_SELECTOR = YES;
				GCC_WARN_UNINITIALIZED_AUTOS = YES_AGGRESSIVE;
				GCC_WARN_UNUSED_FUNCTION = YES;
				GCC_WARN_UNUSED_VARIABLE = YES;
				IPHONEOS_DEPLOYMENT_TARGET = 16.4;
				MTL_ENABLE_DEBUG_INFO = NO;
				MTL_FAST_MATH = YES;
				SDKROOT = iphoneos;
				SWIFT_COMPILATION_MODE = wholemodule;
				SWIFT_OPTIMIZATION_LEVEL = "-O";
				VALIDATE_PRODUCT = YES;
			};
			name = Release;
		};
		D6A65A7C2A2BEFDB00328439 /* Debug */ = {
			isa = XCBuildConfiguration;
			buildSettings = {
				ASSETCATALOG_COMPILER_APPICON_NAME = AppIcon;
				ASSETCATALOG_COMPILER_GLOBAL_ACCENT_COLOR_NAME = AccentColor;
				CODE_SIGN_STYLE = Automatic;
				CURRENT_PROJECT_VERSION = 1;
				DEVELOPMENT_TEAM = N3T4UA5A5J;
				GENERATE_INFOPLIST_FILE = YES;
				INFOPLIST_FILE = FetchMenu/Info.plist;
				INFOPLIST_KEY_UIApplicationSupportsIndirectInputEvents = YES;
				INFOPLIST_KEY_UILaunchStoryboardName = LaunchScreen;
				INFOPLIST_KEY_UIMainStoryboardFile = Main;
				INFOPLIST_KEY_UISupportedInterfaceOrientations_iPad = "UIInterfaceOrientationPortrait UIInterfaceOrientationPortraitUpsideDown UIInterfaceOrientationLandscapeLeft UIInterfaceOrientationLandscapeRight";
				INFOPLIST_KEY_UISupportedInterfaceOrientations_iPhone = "UIInterfaceOrientationPortrait UIInterfaceOrientationLandscapeLeft UIInterfaceOrientationLandscapeRight";
				IPHONEOS_DEPLOYMENT_TARGET = 16.4;
				LD_RUNPATH_SEARCH_PATHS = (
					"$(inherited)",
					"@executable_path/Frameworks",
				);
				MARKETING_VERSION = 1.0;
				PRODUCT_BUNDLE_IDENTIFIER = Yuchen.FetchMenu;
				PRODUCT_NAME = "$(TARGET_NAME)";
				SWIFT_EMIT_LOC_STRINGS = YES;
				SWIFT_VERSION = 5.0;
				TARGETED_DEVICE_FAMILY = "1,2";
			};
			name = Debug;
		};
		D6A65A7D2A2BEFDB00328439 /* Release */ = {
			isa = XCBuildConfiguration;
			buildSettings = {
				ASSETCATALOG_COMPILER_APPICON_NAME = AppIcon;
				ASSETCATALOG_COMPILER_GLOBAL_ACCENT_COLOR_NAME = AccentColor;
				CODE_SIGN_STYLE = Automatic;
				CURRENT_PROJECT_VERSION = 1;
				DEVELOPMENT_TEAM = N3T4UA5A5J;
				GENERATE_INFOPLIST_FILE = YES;
				INFOPLIST_FILE = FetchMenu/Info.plist;
				INFOPLIST_KEY_UIApplicationSupportsIndirectInputEvents = YES;
				INFOPLIST_KEY_UILaunchStoryboardName = LaunchScreen;
				INFOPLIST_KEY_UIMainStoryboardFile = Main;
				INFOPLIST_KEY_UISupportedInterfaceOrientations_iPad = "UIInterfaceOrientationPortrait UIInterfaceOrientationPortraitUpsideDown UIInterfaceOrientationLandscapeLeft UIInterfaceOrientationLandscapeRight";
				INFOPLIST_KEY_UISupportedInterfaceOrientations_iPhone = "UIInterfaceOrientationPortrait UIInterfaceOrientationLandscapeLeft UIInterfaceOrientationLandscapeRight";
				IPHONEOS_DEPLOYMENT_TARGET = 16.4;
				LD_RUNPATH_SEARCH_PATHS = (
					"$(inherited)",
					"@executable_path/Frameworks",
				);
				MARKETING_VERSION = 1.0;
				PRODUCT_BUNDLE_IDENTIFIER = Yuchen.FetchMenu;
				PRODUCT_NAME = "$(TARGET_NAME)";
				SWIFT_EMIT_LOC_STRINGS = YES;
				SWIFT_VERSION = 5.0;
				TARGETED_DEVICE_FAMILY = "1,2";
			};
			name = Release;
		};
		D6A65A7F2A2BEFDB00328439 /* Debug */ = {
			isa = XCBuildConfiguration;
			buildSettings = {
				ALWAYS_EMBED_SWIFT_STANDARD_LIBRARIES = YES;
				BUNDLE_LOADER = "$(TEST_HOST)";
				CODE_SIGN_STYLE = Automatic;
				CURRENT_PROJECT_VERSION = 1;
				DEVELOPMENT_TEAM = N3T4UA5A5J;
				GENERATE_INFOPLIST_FILE = YES;
				IPHONEOS_DEPLOYMENT_TARGET = 16.4;
				MARKETING_VERSION = 1.0;
				PRODUCT_BUNDLE_IDENTIFIER = Yuchen.FetchMenuTests;
				PRODUCT_NAME = "$(TARGET_NAME)";
				SWIFT_EMIT_LOC_STRINGS = NO;
				SWIFT_VERSION = 5.0;
				TARGETED_DEVICE_FAMILY = "1,2";
				TEST_HOST = "$(BUILT_PRODUCTS_DIR)/FetchMenu.app/$(BUNDLE_EXECUTABLE_FOLDER_PATH)/FetchMenu";
			};
			name = Debug;
		};
		D6A65A802A2BEFDB00328439 /* Release */ = {
			isa = XCBuildConfiguration;
			buildSettings = {
				ALWAYS_EMBED_SWIFT_STANDARD_LIBRARIES = YES;
				BUNDLE_LOADER = "$(TEST_HOST)";
				CODE_SIGN_STYLE = Automatic;
				CURRENT_PROJECT_VERSION = 1;
				DEVELOPMENT_TEAM = N3T4UA5A5J;
				GENERATE_INFOPLIST_FILE = YES;
				IPHONEOS_DEPLOYMENT_TARGET = 16.4;
				MARKETING_VERSION = 1.0;
				PRODUCT_BUNDLE_IDENTIFIER = Yuchen.FetchMenuTests;
				PRODUCT_NAME = "$(TARGET_NAME)";
				SWIFT_EMIT_LOC_STRINGS = NO;
				SWIFT_VERSION = 5.0;
				TARGETED_DEVICE_FAMILY = "1,2";
				TEST_HOST = "$(BUILT_PRODUCTS_DIR)/FetchMenu.app/$(BUNDLE_EXECUTABLE_FOLDER_PATH)/FetchMenu";
			};
			name = Release;
		};
		D6A65A822A2BEFDB00328439 /* Debug */ = {
			isa = XCBuildConfiguration;
			buildSettings = {
				ALWAYS_EMBED_SWIFT_STANDARD_LIBRARIES = YES;
				CODE_SIGN_STYLE = Automatic;
				CURRENT_PROJECT_VERSION = 1;
				DEVELOPMENT_TEAM = N3T4UA5A5J;
				GENERATE_INFOPLIST_FILE = YES;
				MARKETING_VERSION = 1.0;
				PRODUCT_BUNDLE_IDENTIFIER = Yuchen.FetchMenuUITests;
				PRODUCT_NAME = "$(TARGET_NAME)";
				SWIFT_EMIT_LOC_STRINGS = NO;
				SWIFT_VERSION = 5.0;
				TARGETED_DEVICE_FAMILY = "1,2";
				TEST_TARGET_NAME = FetchMenu;
			};
			name = Debug;
		};
		D6A65A832A2BEFDB00328439 /* Release */ = {
			isa = XCBuildConfiguration;
			buildSettings = {
				ALWAYS_EMBED_SWIFT_STANDARD_LIBRARIES = YES;
				CODE_SIGN_STYLE = Automatic;
				CURRENT_PROJECT_VERSION = 1;
				DEVELOPMENT_TEAM = N3T4UA5A5J;
				GENERATE_INFOPLIST_FILE = YES;
				MARKETING_VERSION = 1.0;
				PRODUCT_BUNDLE_IDENTIFIER = Yuchen.FetchMenuUITests;
				PRODUCT_NAME = "$(TARGET_NAME)";
				SWIFT_EMIT_LOC_STRINGS = NO;
				SWIFT_VERSION = 5.0;
				TARGETED_DEVICE_FAMILY = "1,2";
				TEST_TARGET_NAME = FetchMenu;
			};
			name = Release;
		};
/* End XCBuildConfiguration section */

/* Begin XCConfigurationList section */
		D6A65A4C2A2BEFD900328439 /* Build configuration list for PBXProject "FetchMenu" */ = {
			isa = XCConfigurationList;
			buildConfigurations = (
				D6A65A792A2BEFDB00328439 /* Debug */,
				D6A65A7A2A2BEFDB00328439 /* Release */,
			);
			defaultConfigurationIsVisible = 0;
			defaultConfigurationName = Release;
		};
		D6A65A7B2A2BEFDB00328439 /* Build configuration list for PBXNativeTarget "FetchMenu" */ = {
			isa = XCConfigurationList;
			buildConfigurations = (
				D6A65A7C2A2BEFDB00328439 /* Debug */,
				D6A65A7D2A2BEFDB00328439 /* Release */,
			);
			defaultConfigurationIsVisible = 0;
			defaultConfigurationName = Release;
		};
		D6A65A7E2A2BEFDB00328439 /* Build configuration list for PBXNativeTarget "FetchMenuTests" */ = {
			isa = XCConfigurationList;
			buildConfigurations = (
				D6A65A7F2A2BEFDB00328439 /* Debug */,
				D6A65A802A2BEFDB00328439 /* Release */,
			);
			defaultConfigurationIsVisible = 0;
			defaultConfigurationName = Release;
		};
		D6A65A812A2BEFDB00328439 /* Build configuration list for PBXNativeTarget "FetchMenuUITests" */ = {
			isa = XCConfigurationList;
			buildConfigurations = (
				D6A65A822A2BEFDB00328439 /* Debug */,
				D6A65A832A2BEFDB00328439 /* Release */,
			);
			defaultConfigurationIsVisible = 0;
			defaultConfigurationName = Release;
		};
/* End XCConfigurationList section */
	};
	rootObject = D6A65A492A2BEFD900328439 /* Project object */;
}
